
Microsoft Visual Studio Solution File, Format Version 12.00
# Visual Studio Version 17
VisualStudioVersion = 17.0.31903.59
MinimumVisualStudioVersion = 10.0.40219.1
Project("{2150E333-8FDC-42A3-9474-1A3956D46DE8}") = "src", "src", "{7A62BC70-7977-4CDC-948F-3C79064FB6FE}"
EndProject
Project("{FAE04EC0-301F-11D3-BF4B-00C04F79EFBC}") = "Integration.Api", "src\Integration.Api\Integration.Api.csproj", "{1681A28A-D414-40E2-AA77-92357DBA4E53}"
EndProject
Project("{2150E333-8FDC-42A3-9474-1A3956D46DE8}") = "tests", "tests", "{790429F0-EE2D-41A3-956F-F1D78CF2735C}"
EndProject
Project("{FAE04EC0-301F-11D3-BF4B-00C04F79EFBC}") = "Integration.Api.Tests", "tests\Integration.Api.Tests\Integration.Api.Tests.csproj", "{7DF21E4A-639E-4192-9F86-6139F2F8CB5E}"
EndProject
Global
	GlobalSection(SolutionConfigurationPlatforms) = preSolution
		Debug|Any CPU = Debug|Any CPU
		Release|Any CPU = Release|Any CPU
	EndGlobalSection
	GlobalSection(SolutionProperties) = preSolution
		HideSolutionNode = FALSE
	EndGlobalSection
	GlobalSection(ProjectConfigurationPlatforms) = postSolution
		{1681A28A-D414-40E2-AA77-92357DBA4E53}.Debug|Any CPU.ActiveCfg = Debug|Any CPU
		{1681A28A-D414-40E2-AA77-92357DBA4E53}.Debug|Any CPU.Build.0 = Debug|Any CPU
		{1681A28A-D414-40E2-AA77-92357DBA4E53}.Release|Any CPU.ActiveCfg = Release|Any CPU
		{1681A28A-D414-40E2-AA77-92357DBA4E53}.Release|Any CPU.Build.0 = Release|Any CPU
		{7DF21E4A-639E-4192-9F86-6139F2F8CB5E}.Debug|Any CPU.ActiveCfg = Debug|Any CPU
		{7DF21E4A-639E-4192-9F86-6139F2F8CB5E}.Debug|Any CPU.Build.0 = Debug|Any CPU
		{7DF21E4A-639E-4192-9F86-6139F2F8CB5E}.Release|Any CPU.ActiveCfg = Release|Any CPU
		{7DF21E4A-639E-4192-9F86-6139F2F8CB5E}.Release|Any CPU.Build.0 = Release|Any CPU
	EndGlobalSection
	GlobalSection(NestedProjects) = preSolution
		{1681A28A-D414-40E2-AA77-92357DBA4E53} = {7A62BC70-7977-4CDC-948F-3C79064FB6FE}
		{7DF21E4A-639E-4192-9F86-6139F2F8CB5E} = {790429F0-EE2D-41A3-956F-F1D78CF2735C}
	EndGlobalSection
EndGlobal
